
Microsoft Visual Studio Solution File, Format Version 12.00
# Visual Studio 15
VisualStudioVersion = 15.0.28307.1500
MinimumVisualStudioVersion = 10.0.40219.1
Project("{888888A0-9F3D-457C-B088-3A5042F75D52}") = "Django1", "Django1\Django1.pyproj", "{DAE59511-A600-4471-B9A8-8F331FA792C3}"
EndProject
Global
	GlobalSection(SolutionConfigurationPlatforms) = preSolution
		Debug|Any CPU = Debug|Any CPU
		Release|Any CPU = Release|Any CPU
	EndGlobalSection
	GlobalSection(ProjectConfigurationPlatforms) = postSolution
		{DAE59511-A600-4471-B9A8-8F331FA792C3}.Debug|Any CPU.ActiveCfg = Debug|Any CPU
		{DAE59511-A600-4471-B9A8-8F331FA792C3}.Debug|Any CPU.Build.0 = Debug|Any CPU
		{DAE59511-A600-4471-B9A8-8F331FA792C3}.Release|Any CPU.ActiveCfg = Release|Any CPU
		{DAE59511-A600-4471-B9A8-8F331FA792C3}.Release|Any CPU.Build.0 = Release|Any CPU
	EndGlobalSection
	GlobalSection(SolutionProperties) = preSolution
		HideSolutionNode = FALSE
	EndGlobalSection
	GlobalSection(ExtensibilityGlobals) = postSolution
		SolutionGuid = {BF8FC304-EACD-4C8D-B4F9-AFDD92E55D04}
	EndGlobalSection
EndGlobal
